{
  "name": "grapher",
  "version": "0.1.0",
  "lockfileVersion": 2,
  "requires": true,
  "packages": {
    "": {
      "name": "grapher",
      "version": "0.1.0",
      "license": "MIT",
      "dependencies": {
        "@napi-rs/canvas": "^0.1.30",
        "mathjs": "^11.3.3"
      }
    },
    "node_modules/@babel/runtime": {
      "version": "7.20.1",
      "resolved": "https://registry.npmjs.org/@babel/runtime/-/runtime-7.20.1.tgz",
      "integrity": "sha512-mrzLkl6U9YLF8qpqI7TB82PESyEGjm/0Ly91jG575eVxMMlb8fYfOXFZIJ8XfLrJZQbm7dlKry2bJmXBUEkdFg==",
      "dependencies": {
        "regenerator-runtime": "^0.13.10"
      },
      "engines": {
        "node": ">=6.9.0"
      }
    },
    "node_modules/@napi-rs/canvas": {
      "version": "0.1.30",
      "resolved": "https://registry.npmjs.org/@napi-rs/canvas/-/canvas-0.1.30.tgz",
      "integrity": "sha512-XRR6PumJW9GdODD+HFW7ZKmpq7FE6PIKWn7QTcsJUdGNb54fTS1Z47oPFZ3pbvs07Xs8ZnkR03Q/9T3LfkGRgg==",
      "engines": {
        "node": ">= 10"
      },
      "optionalDependencies": {
        "@napi-rs/canvas-android-arm64": "0.1.30",
        "@napi-rs/canvas-darwin-arm64": "0.1.30",
        "@napi-rs/canvas-darwin-x64": "0.1.30",
        "@napi-rs/canvas-linux-arm-gnueabihf": "0.1.30",
        "@napi-rs/canvas-linux-arm64-gnu": "0.1.30",
        "@napi-rs/canvas-linux-arm64-musl": "0.1.30",
        "@napi-rs/canvas-linux-x64-gnu": "0.1.30",
        "@napi-rs/canvas-linux-x64-musl": "0.1.30",
        "@napi-rs/canvas-win32-x64-msvc": "0.1.30"
      }
    },
    "node_modules/@napi-rs/canvas-android-arm64": {
      "version": "0.1.30",
      "resolved": "https://registry.npmjs.org/@napi-rs/canvas-android-arm64/-/canvas-android-arm64-0.1.30.tgz",
      "integrity": "sha512-RaJvfg5x8QV+3WVqxwi1dt05mqiDuQF/w4wj8b6SHbxbVLfzZ5T0M9PFBTvjNU88GxiiVYUihxJeCCDs1sXP0g==",
      "cpu": [
        "arm64"
      ],
      "optional": true,
      "os": [
        "android"
      ],
      "engines": {
        "node": ">= 10"
      }
    },
    "node_modules/@napi-rs/canvas-darwin-arm64": {
      "version": "0.1.30",
      "resolved": "https://registry.npmjs.org/@napi-rs/canvas-darwin-arm64/-/canvas-darwin-arm64-0.1.30.tgz",
      "integrity": "sha512-ZWW7+YYGFREzeV1uoGv0uUx+0OhGd5jQ6zFdaGYFESUjmLlfZ/LS0CG/IlbWDiWbnRPu2HQl0/TOQHurleJjLw==",
      "cpu": [
        "arm64"
      ],
      "optional": true,
      "os": [
        "darwin"
      ],
      "engines": {
        "node": ">= 10"
      }
    },
    "node_modules/@napi-rs/canvas-darwin-x64": {
      "version": "0.1.30",
      "resolved": "https://registry.npmjs.org/@napi-rs/canvas-darwin-x64/-/canvas-darwin-x64-0.1.30.tgz",
      "integrity": "sha512-DThro7Y3QFV/9bl/EORWXzBMXeIZU1jo80oI8Ha2Xsoy3Eq+wHhnlMyvNYcLjalxIFU/JJrzu6/qxjPaVzcw5A==",
      "cpu": [
        "x64"
      ],
      "optional": true,
      "os": [
        "darwin"
      ],
      "engines": {
        "node": ">= 10"
      }
    },
    "node_modules/@napi-rs/canvas-linux-arm-gnueabihf": {
      "version": "0.1.30",
      "resolved": "https://registry.npmjs.org/@napi-rs/canvas-linux-arm-gnueabihf/-/canvas-linux-arm-gnueabihf-0.1.30.tgz",
      "integrity": "sha512-bMz85lH3y2JL7Xf8szu/EayyEffN2FSAUtxOm6U3/MLc7jW2Pt8TRhAQQxnv0zNh8ub7qBDky+LspMBPLTDRzA==",
      "cpu": [
        "arm"
      ],
      "optional": true,
      "os": [
        "linux"
      ],
      "engines": {
        "node": ">= 10"
      }
    },
    "node_modules/@napi-rs/canvas-linux-arm64-gnu": {
      "version": "0.1.30",
      "resolved": "https://registry.npmjs.org/@napi-rs/canvas-linux-arm64-gnu/-/canvas-linux-arm64-gnu-0.1.30.tgz",
      "integrity": "sha512-KHUVFOaG7wE4/GGTLk434GH7DIhPa7hhfMyzLqU1QFRXzjo0KIyO9gecHEF9snXaqvD4c/8YubEtFbWZVMSKUw==",
      "cpu": [
        "arm64"
      ],
      "hasInstallScript": true,
      "optional": true,
      "os": [
        "linux"
      ],
      "engines": {
        "node": ">= 10"
      }
    },
    "node_modules/@napi-rs/canvas-linux-arm64-musl": {
      "version": "0.1.30",
      "resolved": "https://registry.npmjs.org/@napi-rs/canvas-linux-arm64-musl/-/canvas-linux-arm64-musl-0.1.30.tgz",
      "integrity": "sha512-9ckRCQbt/ZVNbHvApKhvaRM+mahMl4xryV0vUEKgFHo8Fm4j56dPZRWeKojmk1vSGC9ahY73K1MEb0OaIxOv0Q==",
      "cpu": [
        "arm64"
      ],
      "hasInstallScript": true,
      "optional": true,
      "os": [
        "linux"
      ],
      "engines": {
        "node": ">= 10"
      }
    },
    "node_modules/@napi-rs/canvas-linux-x64-gnu": {
      "version": "0.1.30",
      "resolved": "https://registry.npmjs.org/@napi-rs/canvas-linux-x64-gnu/-/canvas-linux-x64-gnu-0.1.30.tgz",
      "integrity": "sha512-NSyhCClsTBs06ViivDU0lSGVTDBBtm3pSTQKZseAnBEEF0vuO4De5SJl4JYng9eSDQ6KqA4TkOZFUMxokP6ZVg==",
      "cpu": [
        "x64"
      ],
      "hasInstallScript": true,
      "optional": true,
      "os": [
        "linux"
      ],
      "engines": {
        "node": ">= 10"
      }
    },
    "node_modules/@napi-rs/canvas-linux-x64-musl": {
      "version": "0.1.30",
      "resolved": "https://registry.npmjs.org/@napi-rs/canvas-linux-x64-musl/-/canvas-linux-x64-musl-0.1.30.tgz",
      "integrity": "sha512-hT3sPij6nHKiH10avrd8MNwLYEBzwiVyzA0nxPosGJ+ErWk1tgE4UeM3w1+BWYK3S/wgY/4WlhxDgsd9crUGRA==",
      "cpu": [
        "x64"
      ],
      "hasInstallScript": true,
      "optional": true,
      "os": [
        "linux"
      ],
      "engines": {
        "node": ">= 10"
      }
    },
    "node_modules/@napi-rs/canvas-win32-x64-msvc": {
      "version": "0.1.30",
      "resolved": "https://registry.npmjs.org/@napi-rs/canvas-win32-x64-msvc/-/canvas-win32-x64-msvc-0.1.30.tgz",
      "integrity": "sha512-6MwkIMd53jNqO+KAvv2A7TtMY1MYE51VCdF7sZ61sypgjB/dOYmYqDgAU/RTHS5agyc0CZUeXoaZT43Lkgk67A==",
      "cpu": [
        "x64"
      ],
      "optional": true,
      "os": [
        "win32"
      ],
      "engines": {
        "node": ">= 10"
      }
    },
    "node_modules/complex.js": {
      "version": "2.1.1",
      "resolved": "https://registry.npmjs.org/complex.js/-/complex.js-2.1.1.tgz",
      "integrity": "sha512-8njCHOTtFFLtegk6zQo0kkVX1rngygb/KQI6z1qZxlFI3scluC+LVTCFbrkWjBv4vvLlbQ9t88IPMC6k95VTTg==",
      "engines": {
        "node": "*"
      },
      "funding": {
        "type": "patreon",
        "url": "https://www.patreon.com/infusion"
      }
    },
    "node_modules/decimal.js": {
      "version": "10.4.2",
      "resolved": "https://registry.npmjs.org/decimal.js/-/decimal.js-10.4.2.tgz",
      "integrity": "sha512-ic1yEvwT6GuvaYwBLLY6/aFFgjZdySKTE8en/fkU3QICTmRtgtSlFn0u0BXN06InZwtfCelR7j8LRiDI/02iGA=="
    },
    "node_modules/escape-latex": {
      "version": "1.2.0",
      "resolved": "https://registry.npmjs.org/escape-latex/-/escape-latex-1.2.0.tgz",
      "integrity": "sha512-nV5aVWW1K0wEiUIEdZ4erkGGH8mDxGyxSeqPzRNtWP7ataw+/olFObw7hujFWlVjNsaDFw5VZ5NzVSIqRgfTiw=="
    },
    "node_modules/fraction.js": {
      "version": "4.2.0",
      "resolved": "https://registry.npmjs.org/fraction.js/-/fraction.js-4.2.0.tgz",
      "integrity": "sha512-MhLuK+2gUcnZe8ZHlaaINnQLl0xRIGRfcGk2yl8xoQAfHrSsL3rYu6FCmBdkdbhc9EPlwyGHewaRsvwRMJtAlA==",
      "engines": {
        "node": "*"
      },
      "funding": {
        "type": "patreon",
        "url": "https://www.patreon.com/infusion"
      }
    },
    "node_modules/javascript-natural-sort": {
      "version": "0.7.1",
      "resolved": "https://registry.npmjs.org/javascript-natural-sort/-/javascript-natural-sort-0.7.1.tgz",
      "integrity": "sha512-nO6jcEfZWQXDhOiBtG2KvKyEptz7RVbpGP4vTD2hLBdmNQSsCiicO2Ioinv6UI4y9ukqnBpy+XZ9H6uLNgJTlw=="
    },
    "node_modules/mathjs": {
      "version": "11.3.3",
      "resolved": "https://registry.npmjs.org/mathjs/-/mathjs-11.3.3.tgz",
      "integrity": "sha512-+NsgPRzvnczrw5hp7fNPMnfXCaBo2cs7c8Edoacbjcc2Z3js6jHf+Pz8FY6nb5udmBj0q4zl+a5PxbjWVgOQcA==",
      "dependencies": {
        "@babel/runtime": "^7.20.1",
        "complex.js": "^2.1.1",
        "decimal.js": "^10.4.2",
        "escape-latex": "^1.2.0",
        "fraction.js": "^4.2.0",
        "javascript-natural-sort": "^0.7.1",
        "seedrandom": "^3.0.5",
        "tiny-emitter": "^2.1.0",
        "typed-function": "^4.1.0"
      },
      "bin": {
        "mathjs": "bin/cli.js"
      },
      "engines": {
        "node": ">= 14"
      }
    },
    "node_modules/regenerator-runtime": {
      "version": "0.13.10",
      "resolved": "https://registry.npmjs.org/regenerator-runtime/-/regenerator-runtime-0.13.10.tgz",
      "integrity": "sha512-KepLsg4dU12hryUO7bp/axHAKvwGOCV0sGloQtpagJ12ai+ojVDqkeGSiRX1zlq+kjIMZ1t7gpze+26QqtdGqw=="
    },
    "node_modules/seedrandom": {
      "version": "3.0.5",
      "resolved": "https://registry.npmjs.org/seedrandom/-/seedrandom-3.0.5.tgz",
      "integrity": "sha512-8OwmbklUNzwezjGInmZ+2clQmExQPvomqjL7LFqOYqtmuxRgQYqOD3mHaU+MvZn5FLUeVxVfQjwLZW/n/JFuqg=="
    },
    "node_modules/tiny-emitter": {
      "version": "2.1.0",
      "resolved": "https://registry.npmjs.org/tiny-emitter/-/tiny-emitter-2.1.0.tgz",
      "integrity": "sha512-NB6Dk1A9xgQPMoGqC5CVXn123gWyte215ONT5Pp5a0yt4nlEoO1ZWeCwpncaekPHXO60i47ihFnZPiRPjRMq4Q=="
    },
    "node_modules/typed-function": {
      "version": "4.1.0",
      "resolved": "https://registry.npmjs.org/typed-function/-/typed-function-4.1.0.tgz",
      "integrity": "sha512-DGwUl6cioBW5gw2L+6SMupGwH/kZOqivy17E4nsh1JI9fKF87orMmlQx3KISQPmg3sfnOUGlwVkroosvgddrlg==",
      "engines": {
        "node": ">= 14"
      }
    }
  },
  "dependencies": {
    "@babel/runtime": {
      "version": "7.20.1",
      "resolved": "https://registry.npmjs.org/@babel/runtime/-/runtime-7.20.1.tgz",
      "integrity": "sha512-mrzLkl6U9YLF8qpqI7TB82PESyEGjm/0Ly91jG575eVxMMlb8fYfOXFZIJ8XfLrJZQbm7dlKry2bJmXBUEkdFg==",
      "requires": {
        "regenerator-runtime": "^0.13.10"
      }
    },
    "@napi-rs/canvas": {
      "version": "0.1.30",
      "resolved": "https://registry.npmjs.org/@napi-rs/canvas/-/canvas-0.1.30.tgz",
      "integrity": "sha512-XRR6PumJW9GdODD+HFW7ZKmpq7FE6PIKWn7QTcsJUdGNb54fTS1Z47oPFZ3pbvs07Xs8ZnkR03Q/9T3LfkGRgg==",
      "requires": {
        "@napi-rs/canvas-android-arm64": "0.1.30",
        "@napi-rs/canvas-darwin-arm64": "0.1.30",
        "@napi-rs/canvas-darwin-x64": "0.1.30",
        "@napi-rs/canvas-linux-arm-gnueabihf": "0.1.30",
        "@napi-rs/canvas-linux-arm64-gnu": "0.1.30",
        "@napi-rs/canvas-linux-arm64-musl": "0.1.30",
        "@napi-rs/canvas-linux-x64-gnu": "0.1.30",
        "@napi-rs/canvas-linux-x64-musl": "0.1.30",
        "@napi-rs/canvas-win32-x64-msvc": "0.1.30"
      }
    },
    "@napi-rs/canvas-android-arm64": {
      "version": "0.1.30",
      "resolved": "https://registry.npmjs.org/@napi-rs/canvas-android-arm64/-/canvas-android-arm64-0.1.30.tgz",
      "integrity": "sha512-RaJvfg5x8QV+3WVqxwi1dt05mqiDuQF/w4wj8b6SHbxbVLfzZ5T0M9PFBTvjNU88GxiiVYUihxJeCCDs1sXP0g==",
      "optional": true
    },
    "@napi-rs/canvas-darwin-arm64": {
      "version": "0.1.30",
      "resolved": "https://registry.npmjs.org/@napi-rs/canvas-darwin-arm64/-/canvas-darwin-arm64-0.1.30.tgz",
      "integrity": "sha512-ZWW7+YYGFREzeV1uoGv0uUx+0OhGd5jQ6zFdaGYFESUjmLlfZ/LS0CG/IlbWDiWbnRPu2HQl0/TOQHurleJjLw==",
      "optional": true
    },
    "@napi-rs/canvas-darwin-x64": {
      "version": "0.1.30",
      "resolved": "https://registry.npmjs.org/@napi-rs/canvas-darwin-x64/-/canvas-darwin-x64-0.1.30.tgz",
      "integrity": "sha512-DThro7Y3QFV/9bl/EORWXzBMXeIZU1jo80oI8Ha2Xsoy3Eq+wHhnlMyvNYcLjalxIFU/JJrzu6/qxjPaVzcw5A==",
      "optional": true
    },
    "@napi-rs/canvas-linux-arm-gnueabihf": {
      "version": "0.1.30",
      "resolved": "https://registry.npmjs.org/@napi-rs/canvas-linux-arm-gnueabihf/-/canvas-linux-arm-gnueabihf-0.1.30.tgz",
      "integrity": "sha512-bMz85lH3y2JL7Xf8szu/EayyEffN2FSAUtxOm6U3/MLc7jW2Pt8TRhAQQxnv0zNh8ub7qBDky+LspMBPLTDRzA==",
      "optional": true
    },
    "@napi-rs/canvas-linux-arm64-gnu": {
      "version": "0.1.30",
      "resolved": "https://registry.npmjs.org/@napi-rs/canvas-linux-arm64-gnu/-/canvas-linux-arm64-gnu-0.1.30.tgz",
      "integrity": "sha512-KHUVFOaG7wE4/GGTLk434GH7DIhPa7hhfMyzLqU1QFRXzjo0KIyO9gecHEF9snXaqvD4c/8YubEtFbWZVMSKUw==",
      "optional": true
    },
    "@napi-rs/canvas-linux-arm64-musl": {
      "version": "0.1.30",
      "resolved": "https://registry.npmjs.org/@napi-rs/canvas-linux-arm64-musl/-/canvas-linux-arm64-musl-0.1.30.tgz",
      "integrity": "sha512-9ckRCQbt/ZVNbHvApKhvaRM+mahMl4xryV0vUEKgFHo8Fm4j56dPZRWeKojmk1vSGC9ahY73K1MEb0OaIxOv0Q==",
      "optional": true
    },
    "@napi-rs/canvas-linux-x64-gnu": {
      "version": "0.1.30",
      "resolved": "https://registry.npmjs.org/@napi-rs/canvas-linux-x64-gnu/-/canvas-linux-x64-gnu-0.1.30.tgz",
      "integrity": "sha512-NSyhCClsTBs06ViivDU0lSGVTDBBtm3pSTQKZseAnBEEF0vuO4De5SJl4JYng9eSDQ6KqA4TkOZFUMxokP6ZVg==",
      "optional": true
    },
    "@napi-rs/canvas-linux-x64-musl": {
      "version": "0.1.30",
      "resolved": "https://registry.npmjs.org/@napi-rs/canvas-linux-x64-musl/-/canvas-linux-x64-musl-0.1.30.tgz",
      "integrity": "sha512-hT3sPij6nHKiH10avrd8MNwLYEBzwiVyzA0nxPosGJ+ErWk1tgE4UeM3w1+BWYK3S/wgY/4WlhxDgsd9crUGRA==",
      "optional": true
    },
    "@napi-rs/canvas-win32-x64-msvc": {
      "version": "0.1.30",
      "resolved": "https://registry.npmjs.org/@napi-rs/canvas-win32-x64-msvc/-/canvas-win32-x64-msvc-0.1.30.tgz",
      "integrity": "sha512-6MwkIMd53jNqO+KAvv2A7TtMY1MYE51VCdF7sZ61sypgjB/dOYmYqDgAU/RTHS5agyc0CZUeXoaZT43Lkgk67A==",
      "optional": true
    },
    "complex.js": {
      "version": "2.1.1",
      "resolved": "https://registry.npmjs.org/complex.js/-/complex.js-2.1.1.tgz",
      "integrity": "sha512-8njCHOTtFFLtegk6zQo0kkVX1rngygb/KQI6z1qZxlFI3scluC+LVTCFbrkWjBv4vvLlbQ9t88IPMC6k95VTTg=="
    },
    "decimal.js": {
      "version": "10.4.2",
      "resolved": "https://registry.npmjs.org/decimal.js/-/decimal.js-10.4.2.tgz",
      "integrity": "sha512-ic1yEvwT6GuvaYwBLLY6/aFFgjZdySKTE8en/fkU3QICTmRtgtSlFn0u0BXN06InZwtfCelR7j8LRiDI/02iGA=="
    },
    "escape-latex": {
      "version": "1.2.0",
      "resolved": "https://registry.npmjs.org/escape-latex/-/escape-latex-1.2.0.tgz",
      "integrity": "sha512-nV5aVWW1K0wEiUIEdZ4erkGGH8mDxGyxSeqPzRNtWP7ataw+/olFObw7hujFWlVjNsaDFw5VZ5NzVSIqRgfTiw=="
    },
    "fraction.js": {
      "version": "4.2.0",
      "resolved": "https://registry.npmjs.org/fraction.js/-/fraction.js-4.2.0.tgz",
      "integrity": "sha512-MhLuK+2gUcnZe8ZHlaaINnQLl0xRIGRfcGk2yl8xoQAfHrSsL3rYu6FCmBdkdbhc9EPlwyGHewaRsvwRMJtAlA=="
    },
    "javascript-natural-sort": {
      "version": "0.7.1",
      "resolved": "https://registry.npmjs.org/javascript-natural-sort/-/javascript-natural-sort-0.7.1.tgz",
      "integrity": "sha512-nO6jcEfZWQXDhOiBtG2KvKyEptz7RVbpGP4vTD2hLBdmNQSsCiicO2Ioinv6UI4y9ukqnBpy+XZ9H6uLNgJTlw=="
    },
    "mathjs": {
      "version": "11.3.3",
      "resolved": "https://registry.npmjs.org/mathjs/-/mathjs-11.3.3.tgz",
      "integrity": "sha512-+NsgPRzvnczrw5hp7fNPMnfXCaBo2cs7c8Edoacbjcc2Z3js6jHf+Pz8FY6nb5udmBj0q4zl+a5PxbjWVgOQcA==",
      "requires": {
        "@babel/runtime": "^7.20.1",
        "complex.js": "^2.1.1",
        "decimal.js": "^10.4.2",
        "escape-latex": "^1.2.0",
        "fraction.js": "^4.2.0",
        "javascript-natural-sort": "^0.7.1",
        "seedrandom": "^3.0.5",
        "tiny-emitter": "^2.1.0",
        "typed-function": "^4.1.0"
      }
    },
    "regenerator-runtime": {
      "version": "0.13.10",
      "resolved": "https://registry.npmjs.org/regenerator-runtime/-/regenerator-runtime-0.13.10.tgz",
      "integrity": "sha512-KepLsg4dU12hryUO7bp/axHAKvwGOCV0sGloQtpagJ12ai+ojVDqkeGSiRX1zlq+kjIMZ1t7gpze+26QqtdGqw=="
    },
    "seedrandom": {
      "version": "3.0.5",
      "resolved": "https://registry.npmjs.org/seedrandom/-/seedrandom-3.0.5.tgz",
      "integrity": "sha512-8OwmbklUNzwezjGInmZ+2clQmExQPvomqjL7LFqOYqtmuxRgQYqOD3mHaU+MvZn5FLUeVxVfQjwLZW/n/JFuqg=="
    },
    "tiny-emitter": {
      "version": "2.1.0",
      "resolved": "https://registry.npmjs.org/tiny-emitter/-/tiny-emitter-2.1.0.tgz",
      "integrity": "sha512-NB6Dk1A9xgQPMoGqC5CVXn123gWyte215ONT5Pp5a0yt4nlEoO1ZWeCwpncaekPHXO60i47ihFnZPiRPjRMq4Q=="
    },
    "typed-function": {
      "version": "4.1.0",
      "resolved": "https://registry.npmjs.org/typed-function/-/typed-function-4.1.0.tgz",
      "integrity": "sha512-DGwUl6cioBW5gw2L+6SMupGwH/kZOqivy17E4nsh1JI9fKF87orMmlQx3KISQPmg3sfnOUGlwVkroosvgddrlg=="
    }
  }
}
